
Microsoft Visual Studio Solution File, Format Version 12.00
# Visual Studio Version 17
VisualStudioVersion = 17.7.34031.279
MinimumVisualStudioVersion = 10.0.40219.1
Project("{9A19103F-16F7-4668-BE54-9A1E7A4F7556}") = "api_gestion_tareas", "api_gestion_tareas\api_gestion_tareas.csproj", "{D351235A-4A36-47E2-9362-4C59E14E2296}"
EndProject
Global
	GlobalSection(SolutionConfigurationPlatforms) = preSolution
		Debug|Any CPU = Debug|Any CPU
		Release|Any CPU = Release|Any CPU
	EndGlobalSection
	GlobalSection(ProjectConfigurationPlatforms) = postSolution
		{D351235A-4A36-47E2-9362-4C59E14E2296}.Debug|Any CPU.ActiveCfg = Debug|Any CPU
		{D351235A-4A36-47E2-9362-4C59E14E2296}.Debug|Any CPU.Build.0 = Debug|Any CPU
		{D351235A-4A36-47E2-9362-4C59E14E2296}.Release|Any CPU.ActiveCfg = Release|Any CPU
		{D351235A-4A36-47E2-9362-4C59E14E2296}.Release|Any CPU.Build.0 = Release|Any CPU
	EndGlobalSection
	GlobalSection(SolutionProperties) = preSolution
		HideSolutionNode = FALSE
	EndGlobalSection
	GlobalSection(ExtensibilityGlobals) = postSolution
		SolutionGuid = {0F4B7661-90CD-4B12-A21B-365ED283274E}
	EndGlobalSection
EndGlobal
